
Microsoft Visual Studio Solution File, Format Version 12.00
# Visual Studio Version 17
VisualStudioVersion = 17.7.34221.43
MinimumVisualStudioVersion = 10.0.40219.1
Project("{FAE04EC0-301F-11D3-BF4B-00C04F79EFBC}") = "todo", "todo\todo.csproj", "{890AD56E-26C4-429A-9446-4C23D72A1BE4}"
EndProject
Global
	GlobalSection(SolutionConfigurationPlatforms) = preSolution
		Debug|Any CPU = Debug|Any CPU
		Release|Any CPU = Release|Any CPU
	EndGlobalSection
	GlobalSection(ProjectConfigurationPlatforms) = postSolution
		{890AD56E-26C4-429A-9446-4C23D72A1BE4}.Debug|Any CPU.ActiveCfg = Debug|Any CPU
		{890AD56E-26C4-429A-9446-4C23D72A1BE4}.Debug|Any CPU.Build.0 = Debug|Any CPU
		{890AD56E-26C4-429A-9446-4C23D72A1BE4}.Release|Any CPU.ActiveCfg = Release|Any CPU
		{890AD56E-26C4-429A-9446-4C23D72A1BE4}.Release|Any CPU.Build.0 = Release|Any CPU
	EndGlobalSection
	GlobalSection(SolutionProperties) = preSolution
		HideSolutionNode = FALSE
	EndGlobalSection
	GlobalSection(ExtensibilityGlobals) = postSolution
		SolutionGuid = {9B71B4EA-2392-4D15-8565-390CB99CB8D3}
	EndGlobalSection
EndGlobal
